<Solution>
  <Project Path="Game.Physics.csproj" />
  <Project Path="Game.Player.csproj" />
  <Project Path="LeanTween.csproj" />
  <Project Path="Assembly-CSharp.csproj" />
  <Project Path="FMODUnityResonanceEditor.csproj" />
  <Project Path="FMODUnityEditor.csproj" />
  <Project Path="FMODUnity.csproj" />
  <Project Path="LevelElements.csproj" />
  <Project Path="Game.Hazards.csproj" />
  <Project Path="Game.ScriptableObjects.csproj" />
  <Project Path="Game.TimeContext.csproj" />
  <Project Path="Game.SceneManagement.csproj" />
  <Project Path="Game.Input.csproj" />
  <Project Path="Game.Extensions.csproj" />
  <Project Path="Game.Utils.csproj" />
  <Project Path="FMODUnityResonance.csproj" />
  <Project Path="Game.VFX.csproj" />
  <Project Path="Game.GameManagement.csproj" />
  <Project Path="Game.UI.csproj" />
  <Project Path="Game.BehaviourMachine.csproj" />
  <Project Path="Assembly-CSharp-Editor.csproj" />
  <Project Path="Editor.Game.AssetProcessing.csproj" />
  <Project Path="LdtkUnity.Generated.csproj" />
</Solution>
